// !$*UTF8*$!
{
	archiveVersion = 1;
	classes = {
	};
	objectVersion = 50;
	objects = {

/* Begin PBXBuildFile section */
		50060CD620CEEBA70043C4A3 /* AppDelegate.swift in Sources */ = {isa = PBXBuildFile; fileRef = 50060CD520CEEBA70043C4A3 /* AppDelegate.swift */; };
		50060CD820CEEBA70043C4A3 /* ViewController.swift in Sources */ = {isa = PBXBuildFile; fileRef = 50060CD720CEEBA70043C4A3 /* ViewController.swift */; };
		50060CDB20CEEBA70043C4A3 /* Main.storyboard in Resources */ = {isa = PBXBuildFile; fileRef = 50060CD920CEEBA70043C4A3 /* Main.storyboard */; };
		50060CDD20CEEBA90043C4A3 /* Assets.xcassets in Resources */ = {isa = PBXBuildFile; fileRef = 50060CDC20CEEBA90043C4A3 /* Assets.xcassets */; };
		50060CE020CEEBA90043C4A3 /* LaunchScreen.storyboard in Resources */ = {isa = PBXBuildFile; fileRef = 50060CDE20CEEBA90043C4A3 /* LaunchScreen.storyboard */; };
		50060CEB20CEEBA90043C4A3 /* Hello_WorldTests.swift in Sources */ = {isa = PBXBuildFile; fileRef = 50060CEA20CEEBA90043C4A3 /* Hello_WorldTests.swift */; };
		50060CF620CEEBA90043C4A3 /* Hello_WorldUITests.swift in Sources */ = {isa = PBXBuildFile; fileRef = 50060CF520CEEBA90043C4A3 /* Hello_WorldUITests.swift */; };
/* End PBXBuildFile section */

/* Begin PBXContainerItemProxy section */
		50060CE720CEEBA90043C4A3 /* PBXContainerItemProxy */ = {
			isa = PBXContainerItemProxy;
			containerPortal = 50060CCA20CEEBA70043C4A3 /* Project object */;
			proxyType = 1;
			remoteGlobalIDString = 50060CD120CEEBA70043C4A3;
			remoteInfo = "Hello World";
		};
		50060CF220CEEBA90043C4A3 /* PBXContainerItemProxy */ = {
			isa = PBXContainerItemProxy;
			containerPortal = 50060CCA20CEEBA70043C4A3 /* Project object */;
			proxyType = 1;
			remoteGlobalIDString = 50060CD120CEEBA70043C4A3;
			remoteInfo = "Hello World";
		};
/* End PBXContainerItemProxy section */

/* Begin PBXFileReference section */
		50060CD220CEEBA70043C4A3 /* Hello World.app */ = {isa = PBXFileReference; explicitFileType = wrapper.application; includeInIndex = 0; path = "Hello World.app"; sourceTree = BUILT_PRODUCTS_DIR; };
		50060CD520CEEBA70043C4A3 /* AppDelegate.swift */ = {isa = PBXFileReference; lastKnownFileType = sourcecode.swift; path = AppDelegate.swift; sourceTree = "<group>"; };
		50060CD720CEEBA70043C4A3 /* ViewController.swift */ = {isa = PBXFileReference; lastKnownFileType = sourcecode.swift; path = ViewController.swift; sourceTree = "<group>"; };
		50060CDA20CEEBA70043C4A3 /* Base */ = {isa = PBXFileReference; lastKnownFileType = file.storyboard; name = Base; path = Base.lproj/Main.storyboard; sourceTree = "<group>"; };
		50060CDC20CEEBA90043C4A3 /* Assets.xcassets */ = {isa = PBXFileReference; lastKnownFileType = folder.assetcatalog; path = Assets.xcassets; sourceTree = "<group>"; };
		50060CDF20CEEBA90043C4A3 /* Base */ = {isa = PBXFileReference; lastKnownFileType = file.storyboard; name = Base; path = Base.lproj/LaunchScreen.storyboard; sourceTree = "<group>"; };
		50060CE120CEEBA90043C4A3 /* Info.plist */ = {isa = PBXFileReference; lastKnownFileType = text.plist.xml; path = Info.plist; sourceTree = "<group>"; };
		50060CE620CEEBA90043C4A3 /* Hello WorldTests.xctest */ = {isa = PBXFileReference; explicitFileType = wrapper.cfbundle; includeInIndex = 0; path = "Hello WorldTests.xctest"; sourceTree = BUILT_PRODUCTS_DIR; };
		50060CEA20CEEBA90043C4A3 /* Hello_WorldTests.swift */ = {isa = PBXFileReference; lastKnownFileType = sourcecode.swift; path = Hello_WorldTests.swift; sourceTree = "<group>"; };
		50060CEC20CEEBA90043C4A3 /* Info.plist */ = {isa = PBXFileReference; lastKnownFileType = text.plist.xml; path = Info.plist; sourceTree = "<group>"; };
		50060CF120CEEBA90043C4A3 /* Hello WorldUITests.xctest */ = {isa = PBXFileReference; explicitFileType = wrapper.cfbundle; includeInIndex = 0; path = "Hello WorldUITests.xctest"; sourceTree = BUILT_PRODUCTS_DIR; };
		50060CF520CEEBA90043C4A3 /* Hello_WorldUITests.swift */ = {isa = PBXFileReference; lastKnownFileType = sourcecode.swift; path = Hello_WorldUITests.swift; sourceTree = "<group>"; };
		50060CF720CEEBA90043C4A3 /* Info.plist */ = {isa = PBXFileReference; lastKnownFileType = text.plist.xml; path = Info.plist; sourceTree = "<group>"; };
/* End PBXFileReference section */

/* Begin PBXFrameworksBuildPhase section */
		50060CCF20CEEBA70043C4A3 /* Frameworks */ = {
			isa = PBXFrameworksBuildPhase;
			buildActionMask = 2147483647;
			files = (
			);
			runOnlyForDeploymentPostprocessing = 0;
		};
		50060CE320CEEBA90043C4A3 /* Frameworks */ = {
			isa = PBXFrameworksBuildPhase;
			buildActionMask = 2147483647;
			files = (
			);
			runOnlyForDeploymentPostprocessing = 0;
		};
		50060CEE20CEEBA90043C4A3 /* Frameworks */ = {
			isa = PBXFrameworksBuildPhase;
			buildActionMask = 2147483647;
			files = (
			);
			runOnlyForDeploymentPostprocessing = 0;
		};
/* End PBXFrameworksBuildPhase section */

/* Begin PBXGroup section */
		50060CC920CEEBA70043C4A3 = {
			isa = PBXGroup;
			children = (
				50060CD420CEEBA70043C4A3 /* Hello World */,
				50060CE920CEEBA90043C4A3 /* Hello WorldTests */,
				50060CF420CEEBA90043C4A3 /* Hello WorldUITests */,
				50060CD320CEEBA70043C4A3 /* Products */,
			);
			sourceTree = "<group>";
		};
		50060CD320CEEBA70043C4A3 /* Products */ = {
			isa = PBXGroup;
			children = (
				50060CD220CEEBA70043C4A3 /* Hello World.app */,
				50060CE620CEEBA90043C4A3 /* Hello WorldTests.xctest */,
				50060CF120CEEBA90043C4A3 /* Hello WorldUITests.xctest */,
			);
			name = Products;
			sourceTree = "<group>";
		};
		50060CD420CEEBA70043C4A3 /* Hello World */ = {
			isa = PBXGroup;
			children = (
				50060CD520CEEBA70043C4A3 /* AppDelegate.swift */,
				50060CD720CEEBA70043C4A3 /* ViewController.swift */,
				50060CD920CEEBA70043C4A3 /* Main.storyboard */,
				50060CDC20CEEBA90043C4A3 /* Assets.xcassets */,
				50060CDE20CEEBA90043C4A3 /* LaunchScreen.storyboard */,
				50060CE120CEEBA90043C4A3 /* Info.plist */,
			);
			path = "Hello World";
			sourceTree = "<group>";
		};
		50060CE920CEEBA90043C4A3 /* Hello WorldTests */ = {
			isa = PBXGroup;
			children = (
				50060CEA20CEEBA90043C4A3 /* Hello_WorldTests.swift */,
				50060CEC20CEEBA90043C4A3 /* Info.plist */,
			);
			path = "Hello WorldTests";
			sourceTree = "<group>";
		};
		50060CF420CEEBA90043C4A3 /* Hello WorldUITests */ = {
			isa = PBXGroup;
			children = (
				50060CF520CEEBA90043C4A3 /* Hello_WorldUITests.swift */,
				50060CF720CEEBA90043C4A3 /* Info.plist */,
			);
			path = "Hello WorldUITests";
			sourceTree = "<group>";
		};
/* End PBXGroup section */

/* Begin PBXNativeTarget section */
		50060CD120CEEBA70043C4A3 /* Hello World */ = {
			isa = PBXNativeTarget;
			buildConfigurationList = 50060CFA20CEEBA90043C4A3 /* Build configuration list for PBXNativeTarget "Hello World" */;
			buildPhases = (
				50060CCE20CEEBA70043C4A3 /* Sources */,
				50060CCF20CEEBA70043C4A3 /* Frameworks */,
				50060CD020CEEBA70043C4A3 /* Resources */,
			);
			buildRules = (
			);
			dependencies = (
			);
			name = "Hello World";
			productName = "Hello World";
			productReference = 50060CD220CEEBA70043C4A3 /* Hello World.app */;
			productType = "com.apple.product-type.application";
		};
		50060CE520CEEBA90043C4A3 /* Hello WorldTests */ = {
			isa = PBXNativeTarget;
			buildConfigurationList = 50060CFD20CEEBA90043C4A3 /* Build configuration list for PBXNativeTarget "Hello WorldTests" */;
			buildPhases = (
				50060CE220CEEBA90043C4A3 /* Sources */,
				50060CE320CEEBA90043C4A3 /* Frameworks */,
				50060CE420CEEBA90043C4A3 /* Resources */,
			);
			buildRules = (
			);
			dependencies = (
				50060CE820CEEBA90043C4A3 /* PBXTargetDependency */,
			);
			name = "Hello WorldTests";
			productName = "Hello WorldTests";
			productReference = 50060CE620CEEBA90043C4A3 /* Hello WorldTests.xctest */;
			productType = "com.apple.product-type.bundle.unit-test";
		};
		50060CF020CEEBA90043C4A3 /* Hello WorldUITests */ = {
			isa = PBXNativeTarget;
			buildConfigurationList = 50060D0020CEEBA90043C4A3 /* Build configuration list for PBXNativeTarget "Hello WorldUITests" */;
			buildPhases = (
				50060CED20CEEBA90043C4A3 /* Sources */,
				50060CEE20CEEBA90043C4A3 /* Frameworks */,
				50060CEF20CEEBA90043C4A3 /* Resources */,
			);
			buildRules = (
			);
			dependencies = (
				50060CF320CEEBA90043C4A3 /* PBXTargetDependency */,
			);
			name = "Hello WorldUITests";
			productName = "Hello WorldUITests";
			productReference = 50060CF120CEEBA90043C4A3 /* Hello WorldUITests.xctest */;
			productType = "com.apple.product-type.bundle.ui-testing";
		};
/* End PBXNativeTarget section */

/* Begin PBXProject section */
		50060CCA20CEEBA70043C4A3 /* Project object */ = {
			isa = PBXProject;
			attributes = {
				LastSwiftUpdateCheck = 0940;
				LastUpgradeCheck = 0940;
				ORGANIZATIONNAME = "Zach Cannon";
				TargetAttributes = {
					50060CD120CEEBA70043C4A3 = {
						CreatedOnToolsVersion = 9.4;
					};
					50060CE520CEEBA90043C4A3 = {
						CreatedOnToolsVersion = 9.4;
						TestTargetID = 50060CD120CEEBA70043C4A3;
					};
					50060CF020CEEBA90043C4A3 = {
						CreatedOnToolsVersion = 9.4;
						TestTargetID = 50060CD120CEEBA70043C4A3;
					};
				};
			};
			buildConfigurationList = 50060CCD20CEEBA70043C4A3 /* Build configuration list for PBXProject "Hello World" */;
			compatibilityVersion = "Xcode 9.3";
			developmentRegion = en;
			hasScannedForEncodings = 0;
			knownRegions = (
				en,
				Base,
			);
			mainGroup = 50060CC920CEEBA70043C4A3;
			productRefGroup = 50060CD320CEEBA70043C4A3 /* Products */;
			projectDirPath = "";
			projectRoot = "";
			targets = (
				50060CD120CEEBA70043C4A3 /* Hello World */,
				50060CE520CEEBA90043C4A3 /* Hello WorldTests */,
				50060CF020CEEBA90043C4A3 /* Hello WorldUITests */,
			);
		};
/* End PBXProject section */

/* Begin PBXResourcesBuildPhase section */
		50060CD020CEEBA70043C4A3 /* Resources */ = {
			isa = PBXResourcesBuildPhase;
			buildActionMask = 2147483647;
			files = (
				50060CE020CEEBA90043C4A3 /* LaunchScreen.storyboard in Resources */,
				50060CDD20CEEBA90043C4A3 /* Assets.xcassets in Resources */,
				50060CDB20CEEBA70043C4A3 /* Main.storyboard in Resources */,
			);
			runOnlyForDeploymentPostprocessing = 0;
		};
		50060CE420CEEBA90043C4A3 /* Resources */ = {
			isa = PBXResourcesBuildPhase;
			buildActionMask = 2147483647;
			files = (
			);
			runOnlyForDeploymentPostprocessing = 0;
		};
		50060CEF20CEEBA90043C4A3 /* Resources */ = {
			isa = PBXResourcesBuildPhase;
			buildActionMask = 2147483647;
			files = (
			);
			runOnlyForDeploymentPostprocessing = 0;
		};
/* End PBXResourcesBuildPhase section */

/* Begin PBXSourcesBuildPhase section */
		50060CCE20CEEBA70043C4A3 /* Sources */ = {
			isa = PBXSourcesBuildPhase;
			buildActionMask = 2147483647;
			files = (
				50060CD820CEEBA70043C4A3 /* ViewController.swift in Sources */,
				50060CD620CEEBA70043C4A3 /* AppDelegate.swift in Sources */,
			);
			runOnlyForDeploymentPostprocessing = 0;
		};
		50060CE220CEEBA90043C4A3 /* Sources */ = {
			isa = PBXSourcesBuildPhase;
			buildActionMask = 2147483647;
			files = (
				50060CEB20CEEBA90043C4A3 /* Hello_WorldTests.swift in Sources */,
			);
			runOnlyForDeploymentPostprocessing = 0;
		};
		50060CED20CEEBA90043C4A3 /* Sources */ = {
			isa = PBXSourcesBuildPhase;
			buildActionMask = 2147483647;
			files = (
				50060CF620CEEBA90043C4A3 /* Hello_WorldUITests.swift in Sources */,
			);
			runOnlyForDeploymentPostprocessing = 0;
		};
/* End PBXSourcesBuildPhase section */

/* Begin PBXTargetDependency section */
		50060CE820CEEBA90043C4A3 /* PBXTargetDependency */ = {
			isa = PBXTargetDependency;
			target = 50060CD120CEEBA70043C4A3 /* Hello World */;
			targetProxy = 50060CE720CEEBA90043C4A3 /* PBXContainerItemProxy */;
		};
		50060CF320CEEBA90043C4A3 /* PBXTargetDependency */ = {
			isa = PBXTargetDependency;
			target = 50060CD120CEEBA70043C4A3 /* Hello World */;
			targetProxy = 50060CF220CEEBA90043C4A3 /* PBXContainerItemProxy */;
		};
/* End PBXTargetDependency section */

/* Begin PBXVariantGroup section */
		50060CD920CEEBA70043C4A3 /* Main.storyboard */ = {
			isa = PBXVariantGroup;
			children = (
				50060CDA20CEEBA70043C4A3 /* Base */,
			);
			name = Main.storyboard;
			sourceTree = "<group>";
		};
		50060CDE20CEEBA90043C4A3 /* LaunchScreen.storyboard */ = {
			isa = PBXVariantGroup;
			children = (
				50060CDF20CEEBA90043C4A3 /* Base */,
			);
			name = LaunchScreen.storyboard;
			sourceTree = "<group>";
		};
/* End PBXVariantGroup section */

/* Begin XCBuildConfiguration section */
		50060CF820CEEBA90043C4A3 /* Debug */ = {
			isa = XCBuildConfiguration;
			buildSettings = {
				ALWAYS_SEARCH_USER_PATHS = NO;
				CLANG_ANALYZER_NONNULL = YES;
				CLANG_ANALYZER_NUMBER_OBJECT_CONVERSION = YES_AGGRESSIVE;
				CLANG_CXX_LANGUAGE_STANDARD = "gnu++14";
				CLANG_CXX_LIBRARY = "libc++";
				CLANG_ENABLE_MODULES = YES;
				CLANG_ENABLE_OBJC_ARC = YES;
				CLANG_ENABLE_OBJC_WEAK = YES;
				CLANG_WARN_BLOCK_CAPTURE_AUTORELEASING = YES;
				CLANG_WARN_BOOL_CONVERSION = YES;
				CLANG_WARN_COMMA = YES;
				CLANG_WARN_CONSTANT_CONVERSION = YES;
				CLANG_WARN_DEPRECATED_OBJC_IMPLEMENTATIONS = YES;
				CLANG_WARN_DIRECT_OBJC_ISA_USAGE = YES_ERROR;
				CLANG_WARN_DOCUMENTATION_COMMENTS = YES;
				CLANG_WARN_EMPTY_BODY = YES;
				CLANG_WARN_ENUM_CONVERSION = YES;
				CLANG_WARN_INFINITE_RECURSION = YES;
				CLANG_WARN_INT_CONVERSION = YES;
				CLANG_WARN_NON_LITERAL_NULL_CONVERSION = YES;
				CLANG_WARN_OBJC_IMPLICIT_RETAIN_SELF = YES;
				CLANG_WARN_OBJC_LITERAL_CONVERSION = YES;
				CLANG_WARN_OBJC_ROOT_CLASS = YES_ERROR;
				CLANG_WARN_RANGE_LOOP_ANALYSIS = YES;
				CLANG_WARN_STRICT_PROTOTYPES = YES;
				CLANG_WARN_SUSPICIOUS_MOVE = YES;
				CLANG_WARN_UNGUARDED_AVAILABILITY = YES_AGGRESSIVE;
				CLANG_WARN_UNREACHABLE_CODE = YES;
				CLANG_WARN__DUPLICATE_METHOD_MATCH = YES;
				CODE_SIGN_IDENTITY = "iPhone Developer";
				COPY_PHASE_STRIP = NO;
				DEBUG_INFORMATION_FORMAT = dwarf;
				ENABLE_STRICT_OBJC_MSGSEND = YES;
				ENABLE_TESTABILITY = YES;
				GCC_C_LANGUAGE_STANDARD = gnu11;
				GCC_DYNAMIC_NO_PIC = NO;
				GCC_NO_COMMON_BLOCKS = YES;
				GCC_OPTIMIZATION_LEVEL = 0;
				GCC_PREPROCESSOR_DEFINITIONS = (
					"DEBUG=1",
					"$(inherited)",
				);
				GCC_WARN_64_TO_32_BIT_CONVERSION = YES;
				GCC_WARN_ABOUT_RETURN_TYPE = YES_ERROR;
				GCC_WARN_UNDECLARED_SELECTOR = YES;
				GCC_WARN_UNINITIALIZED_AUTOS = YES_AGGRESSIVE;
				GCC_WARN_UNUSED_FUNCTION = YES;
				GCC_WARN_UNUSED_VARIABLE = YES;
				IPHONEOS_DEPLOYMENT_TARGET = 11.4;
				MTL_ENABLE_DEBUG_INFO = YES;
				ONLY_ACTIVE_ARCH = YES;
				SDKROOT = iphoneos;
				SWIFT_ACTIVE_COMPILATION_CONDITIONS = DEBUG;
				SWIFT_OPTIMIZATION_LEVEL = "-Onone";
			};
			name = Debug;
		};
		50060CF920CEEBA90043C4A3 /* Release */ = {
			isa = XCBuildConfiguration;
			buildSettings = {
				ALWAYS_SEARCH_USER_PATHS = NO;
				CLANG_ANALYZER_NONNULL = YES;
				CLANG_ANALYZER_NUMBER_OBJECT_CONVERSION = YES_AGGRESSIVE;
				CLANG_CXX_LANGUAGE_STANDARD = "gnu++14";
				CLANG_CXX_LIBRARY = "libc++";
				CLANG_ENABLE_MODULES = YES;
				CLANG_ENABLE_OBJC_ARC = YES;
				CLANG_ENABLE_OBJC_WEAK = YES;
				CLANG_WARN_BLOCK_CAPTURE_AUTORELEASING = YES;
				CLANG_WARN_BOOL_CONVERSION = YES;
				CLANG_WARN_COMMA = YES;
				CLANG_WARN_CONSTANT_CONVERSION = YES;
				CLANG_WARN_DEPRECATED_OBJC_IMPLEMENTATIONS = YES;
				CLANG_WARN_DIRECT_OBJC_ISA_USAGE = YES_ERROR;
				CLANG_WARN_DOCUMENTATION_COMMENTS = YES;
				CLANG_WARN_EMPTY_BODY = YES;
				CLANG_WARN_ENUM_CONVERSION = YES;
				CLANG_WARN_INFINITE_RECURSION = YES;
				CLANG_WARN_INT_CONVERSION = YES;
				CLANG_WARN_NON_LITERAL_NULL_CONVERSION = YES;
				CLANG_WARN_OBJC_IMPLICIT_RETAIN_SELF = YES;
				CLANG_WARN_OBJC_LITERAL_CONVERSION = YES;
				CLANG_WARN_OBJC_ROOT_CLASS = YES_ERROR;
				CLANG_WARN_RANGE_LOOP_ANALYSIS = YES;
				CLANG_WARN_STRICT_PROTOTYPES = YES;
				CLANG_WARN_SUSPICIOUS_MOVE = YES;
				CLANG_WARN_UNGUARDED_AVAILABILITY = YES_AGGRESSIVE;
				CLANG_WARN_UNREACHABLE_CODE = YES;
				CLANG_WARN__DUPLICATE_METHOD_MATCH = YES;
				CODE_SIGN_IDENTITY = "iPhone Developer";
				COPY_PHASE_STRIP = NO;
				DEBUG_INFORMATION_FORMAT = "dwarf-with-dsym";
				ENABLE_NS_ASSERTIONS = NO;
				ENABLE_STRICT_OBJC_MSGSEND = YES;
				GCC_C_LANGUAGE_STANDARD = gnu11;
				GCC_NO_COMMON_BLOCKS = YES;
				GCC_WARN_64_TO_32_BIT_CONVERSION = YES;
				GCC_WARN_ABOUT_RETURN_TYPE = YES_ERROR;
				GCC_WARN_UNDECLARED_SELECTOR = YES;
				GCC_WARN_UNINITIALIZED_AUTOS = YES_AGGRESSIVE;
				GCC_WARN_UNUSED_FUNCTION = YES;
				GCC_WARN_UNUSED_VARIABLE = YES;
				IPHONEOS_DEPLOYMENT_TARGET = 11.4;
				MTL_ENABLE_DEBUG_INFO = NO;
				SDKROOT = iphoneos;
				SWIFT_COMPILATION_MODE = wholemodule;
				SWIFT_OPTIMIZATION_LEVEL = "-O";
				VALIDATE_PRODUCT = YES;
			};
			name = Release;
		};
		50060CFB20CEEBA90043C4A3 /* Debug */ = {
			isa = XCBuildConfiguration;
			buildSettings = {
				ASSETCATALOG_COMPILER_APPICON_NAME = AppIcon;
				CODE_SIGN_STYLE = Automatic;
				INFOPLIST_FILE = "Hello World/Info.plist";
				LD_RUNPATH_SEARCH_PATHS = (
					"$(inherited)",
					"@executable_path/Frameworks",
				);
				PRODUCT_BUNDLE_IDENTIFIER = "com.thezachcannon.Hello-World";
				PRODUCT_NAME = "$(TARGET_NAME)";
				SWIFT_VERSION = 4.0;
				TARGETED_DEVICE_FAMILY = "1,2";
			};
			name = Debug;
		};
		50060CFC20CEEBA90043C4A3 /* Release */ = {
			isa = XCBuildConfiguration;
			buildSettings = {
				ASSETCATALOG_COMPILER_APPICON_NAME = AppIcon;
				CODE_SIGN_STYLE = Automatic;
				INFOPLIST_FILE = "Hello World/Info.plist";
				LD_RUNPATH_SEARCH_PATHS = (
					"$(inherited)",
					"@executable_path/Frameworks",
				);
				PRODUCT_BUNDLE_IDENTIFIER = "com.thezachcannon.Hello-World";
				PRODUCT_NAME = "$(TARGET_NAME)";
				SWIFT_VERSION = 4.0;
				TARGETED_DEVICE_FAMILY = "1,2";
			};
			name = Release;
		};
		50060CFE20CEEBA90043C4A3 /* Debug */ = {
			isa = XCBuildConfiguration;
			buildSettings = {
				ALWAYS_EMBED_SWIFT_STANDARD_LIBRARIES = YES;
				BUNDLE_LOADER = "$(TEST_HOST)";
				CODE_SIGN_STYLE = Automatic;
				INFOPLIST_FILE = "Hello WorldTests/Info.plist";
				LD_RUNPATH_SEARCH_PATHS = (
					"$(inherited)",
					"@executable_path/Frameworks",
					"@loader_path/Frameworks",
				);
				PRODUCT_BUNDLE_IDENTIFIER = "com.thezachcannon.Hello-WorldTests";
				PRODUCT_NAME = "$(TARGET_NAME)";
				SWIFT_VERSION = 4.0;
				TARGETED_DEVICE_FAMILY = "1,2";
				TEST_HOST = "$(BUILT_PRODUCTS_DIR)/Hello World.app/Hello World";
			};
			name = Debug;
		};
		50060CFF20CEEBA90043C4A3 /* Release */ = {
			isa = XCBuildConfiguration;
			buildSettings = {
				ALWAYS_EMBED_SWIFT_STANDARD_LIBRARIES = YES;
				BUNDLE_LOADER = "$(TEST_HOST)";
				CODE_SIGN_STYLE = Automatic;
				INFOPLIST_FILE = "Hello WorldTests/Info.plist";
				LD_RUNPATH_SEARCH_PATHS = (
					"$(inherited)",
					"@executable_path/Frameworks",
					"@loader_path/Frameworks",
				);
				PRODUCT_BUNDLE_IDENTIFIER = "com.thezachcannon.Hello-WorldTests";
				PRODUCT_NAME = "$(TARGET_NAME)";
				SWIFT_VERSION = 4.0;
				TARGETED_DEVICE_FAMILY = "1,2";
				TEST_HOST = "$(BUILT_PRODUCTS_DIR)/Hello World.app/Hello World";
			};
			name = Release;
		};
		50060D0120CEEBA90043C4A3 /* Debug */ = {
			isa = XCBuildConfiguration;
			buildSettings = {
				ALWAYS_EMBED_SWIFT_STANDARD_LIBRARIES = YES;
				CODE_SIGN_STYLE = Automatic;
				INFOPLIST_FILE = "Hello WorldUITests/Info.plist";
				LD_RUNPATH_SEARCH_PATHS = (
					"$(inherited)",
					"@executable_path/Frameworks",
					"@loader_path/Frameworks",
				);
				PRODUCT_BUNDLE_IDENTIFIER = "com.thezachcannon.Hello-WorldUITests";
				PRODUCT_NAME = "$(TARGET_NAME)";
				SWIFT_VERSION = 4.0;
				TARGETED_DEVICE_FAMILY = "1,2";
				TEST_TARGET_NAME = "Hello World";
			};
			name = Debug;
		};
		50060D0220CEEBA90043C4A3 /* Release */ = {
			isa = XCBuildConfiguration;
			buildSettings = {
				ALWAYS_EMBED_SWIFT_STANDARD_LIBRARIES = YES;
				CODE_SIGN_STYLE = Automatic;
				INFOPLIST_FILE = "Hello WorldUITests/Info.plist";
				LD_RUNPATH_SEARCH_PATHS = (
					"$(inherited)",
					"@executable_path/Frameworks",
					"@loader_path/Frameworks",
				);
				PRODUCT_BUNDLE_IDENTIFIER = "com.thezachcannon.Hello-WorldUITests";
				PRODUCT_NAME = "$(TARGET_NAME)";
				SWIFT_VERSION = 4.0;
				TARGETED_DEVICE_FAMILY = "1,2";
				TEST_TARGET_NAME = "Hello World";
			};
			name = Release;
		};
/* End XCBuildConfiguration section */

/* Begin XCConfigurationList section */
		50060CCD20CEEBA70043C4A3 /* Build configuration list for PBXProject "Hello World" */ = {
			isa = XCConfigurationList;
			buildConfigurations = (
				50060CF820CEEBA90043C4A3 /* Debug */,
				50060CF920CEEBA90043C4A3 /* Release */,
			);
			defaultConfigurationIsVisible = 0;
			defaultConfigurationName = Release;
		};
		50060CFA20CEEBA90043C4A3 /* Build configuration list for PBXNativeTarget "Hello World" */ = {
			isa = XCConfigurationList;
			buildConfigurations = (
				50060CFB20CEEBA90043C4A3 /* Debug */,
				50060CFC20CEEBA90043C4A3 /* Release */,
			);
			defaultConfigurationIsVisible = 0;
			defaultConfigurationName = Release;
		};
		50060CFD20CEEBA90043C4A3 /* Build configuration list for PBXNativeTarget "Hello WorldTests" */ = {
			isa = XCConfigurationList;
			buildConfigurations = (
				50060CFE20CEEBA90043C4A3 /* Debug */,
				50060CFF20CEEBA90043C4A3 /* Release */,
			);
			defaultConfigurationIsVisible = 0;
			defaultConfigurationName = Release;
		};
		50060D0020CEEBA90043C4A3 /* Build configuration list for PBXNativeTarget "Hello WorldUITests" */ = {
			isa = XCConfigurationList;
			buildConfigurations = (
				50060D0120CEEBA90043C4A3 /* Debug */,
				50060D0220CEEBA90043C4A3 /* Release */,
			);
			defaultConfigurationIsVisible = 0;
			defaultConfigurationName = Release;
		};
/* End XCConfigurationList section */
	};
	rootObject = 50060CCA20CEEBA70043C4A3 /* Project object */;
}
